
Microsoft Visual Studio Solution File, Format Version 12.00
# Visual Studio Version 17
VisualStudioVersion = 17.11.35312.102
MinimumVisualStudioVersion = 10.0.40219.1
Project("{FAE04EC0-301F-11D3-BF4B-00C04F79EFBC}") = "ShortTermStayAPI", "ShortTermStayAPI\ShortTermStayAPI.csproj", "{75093545-30D0-4615-BFEF-7E69B2103859}"
EndProject
Global
	GlobalSection(SolutionConfigurationPlatforms) = preSolution
		Debug|Any CPU = Debug|Any CPU
		Release|Any CPU = Release|Any CPU
	EndGlobalSection
	GlobalSection(ProjectConfigurationPlatforms) = postSolution
		{75093545-30D0-4615-BFEF-7E69B2103859}.Debug|Any CPU.ActiveCfg = Debug|Any CPU
		{75093545-30D0-4615-BFEF-7E69B2103859}.Debug|Any CPU.Build.0 = Debug|Any CPU
		{75093545-30D0-4615-BFEF-7E69B2103859}.Release|Any CPU.ActiveCfg = Release|Any CPU
		{75093545-30D0-4615-BFEF-7E69B2103859}.Release|Any CPU.Build.0 = Release|Any CPU
	EndGlobalSection
	GlobalSection(SolutionProperties) = preSolution
		HideSolutionNode = FALSE
	EndGlobalSection
	GlobalSection(ExtensibilityGlobals) = postSolution
		SolutionGuid = {25A70E8A-F636-46A8-9E53-BED797C94E31}
	EndGlobalSection
EndGlobal
